// !$*UTF8*$!
{
	archiveVersion = 1;
	classes = {
	};
	objectVersion = 56;
	objects = {

/* Begin PBXBuildFile section */
		F16CC18A2B528C5100E08CB2 /* AppDelegate.swift in Sources */ = {isa = PBXBuildFile; fileRef = F16CC1892B528C5100E08CB2 /* AppDelegate.swift */; };
		F16CC18C2B528C5100E08CB2 /* SceneDelegate.swift in Sources */ = {isa = PBXBuildFile; fileRef = F16CC18B2B528C5100E08CB2 /* SceneDelegate.swift */; };
		F16CC18E2B528C5100E08CB2 /* FoodViewController.swift in Sources */ = {isa = PBXBuildFile; fileRef = F16CC18D2B528C5100E08CB2 /* FoodViewController.swift */; };
		F16CC1932B528C5200E08CB2 /* Assets.xcassets in Resources */ = {isa = PBXBuildFile; fileRef = F16CC1922B528C5200E08CB2 /* Assets.xcassets */; };
		F16CC1962B528C5200E08CB2 /* LaunchScreen.storyboard in Resources */ = {isa = PBXBuildFile; fileRef = F16CC1942B528C5200E08CB2 /* LaunchScreen.storyboard */; };
		F16CC1A72B528D7900E08CB2 /* SFProDisplay-Ultralight.ttf in Resources */ = {isa = PBXBuildFile; fileRef = F16CC19E2B528D7900E08CB2 /* SFProDisplay-Ultralight.ttf */; };
		F16CC1A82B528D7900E08CB2 /* SFProDisplay-Medium.ttf in Resources */ = {isa = PBXBuildFile; fileRef = F16CC19F2B528D7900E08CB2 /* SFProDisplay-Medium.ttf */; };
		F16CC1A92B528D7900E08CB2 /* SFProDisplay-Black.ttf in Resources */ = {isa = PBXBuildFile; fileRef = F16CC1A02B528D7900E08CB2 /* SFProDisplay-Black.ttf */; };
		F16CC1AA2B528D7900E08CB2 /* SFProDisplay-Light.ttf in Resources */ = {isa = PBXBuildFile; fileRef = F16CC1A12B528D7900E08CB2 /* SFProDisplay-Light.ttf */; };
		F16CC1AB2B528D7900E08CB2 /* SFProDisplay-Regular.ttf in Resources */ = {isa = PBXBuildFile; fileRef = F16CC1A22B528D7900E08CB2 /* SFProDisplay-Regular.ttf */; };
		F16CC1AC2B528D7900E08CB2 /* SFProDisplay-Bold.ttf in Resources */ = {isa = PBXBuildFile; fileRef = F16CC1A32B528D7900E08CB2 /* SFProDisplay-Bold.ttf */; };
		F16CC1AD2B528D7900E08CB2 /* SFProDisplay-Semibold.ttf in Resources */ = {isa = PBXBuildFile; fileRef = F16CC1A42B528D7900E08CB2 /* SFProDisplay-Semibold.ttf */; };
		F16CC1AE2B528D7900E08CB2 /* SFProDisplay-Heavy.ttf in Resources */ = {isa = PBXBuildFile; fileRef = F16CC1A52B528D7900E08CB2 /* SFProDisplay-Heavy.ttf */; };
		F16CC1AF2B528D7900E08CB2 /* SFProDisplay-Thin.ttf in Resources */ = {isa = PBXBuildFile; fileRef = F16CC1A62B528D7900E08CB2 /* SFProDisplay-Thin.ttf */; };
		F16CC1B12B528E8D00E08CB2 /* SectionType.swift in Sources */ = {isa = PBXBuildFile; fileRef = F16CC1B02B528E8D00E08CB2 /* SectionType.swift */; };
		F16CC1B32B5292A800E08CB2 /* BannerCell.swift in Sources */ = {isa = PBXBuildFile; fileRef = F16CC1B22B5292A800E08CB2 /* BannerCell.swift */; };
		F16CC1B52B52961B00E08CB2 /* CategoryCell.swift in Sources */ = {isa = PBXBuildFile; fileRef = F16CC1B42B52961B00E08CB2 /* CategoryCell.swift */; };
		F16CC1B72B52985C00E08CB2 /* MainCell.swift in Sources */ = {isa = PBXBuildFile; fileRef = F16CC1B62B52985B00E08CB2 /* MainCell.swift */; };
		F16CC1C62B52BDAF00E08CB2 /* CategoryTableViewCell.swift in Sources */ = {isa = PBXBuildFile; fileRef = F16CC1C52B52BDAF00E08CB2 /* CategoryTableViewCell.swift */; };
		F16CC1C82B52C07C00E08CB2 /* BannerTableViewCell.swift in Sources */ = {isa = PBXBuildFile; fileRef = F16CC1C72B52C07C00E08CB2 /* BannerTableViewCell.swift */; };
/* End PBXBuildFile section */

/* Begin PBXFileReference section */
		F16CC1862B528C5100E08CB2 /* HammerSystems.app */ = {isa = PBXFileReference; explicitFileType = wrapper.application; includeInIndex = 0; path = HammerSystems.app; sourceTree = BUILT_PRODUCTS_DIR; };
		F16CC1892B528C5100E08CB2 /* AppDelegate.swift */ = {isa = PBXFileReference; lastKnownFileType = sourcecode.swift; path = AppDelegate.swift; sourceTree = "<group>"; };
		F16CC18B2B528C5100E08CB2 /* SceneDelegate.swift */ = {isa = PBXFileReference; lastKnownFileType = sourcecode.swift; path = SceneDelegate.swift; sourceTree = "<group>"; };
		F16CC18D2B528C5100E08CB2 /* FoodViewController.swift */ = {isa = PBXFileReference; lastKnownFileType = sourcecode.swift; path = FoodViewController.swift; sourceTree = "<group>"; };
		F16CC1922B528C5200E08CB2 /* Assets.xcassets */ = {isa = PBXFileReference; lastKnownFileType = folder.assetcatalog; path = Assets.xcassets; sourceTree = "<group>"; };
		F16CC1952B528C5200E08CB2 /* Base */ = {isa = PBXFileReference; lastKnownFileType = file.storyboard; name = Base; path = Base.lproj/LaunchScreen.storyboard; sourceTree = "<group>"; };
		F16CC1972B528C5200E08CB2 /* Info.plist */ = {isa = PBXFileReference; lastKnownFileType = text.plist.xml; path = Info.plist; sourceTree = "<group>"; };
		F16CC19E2B528D7900E08CB2 /* SFProDisplay-Ultralight.ttf */ = {isa = PBXFileReference; lastKnownFileType = file; path = "SFProDisplay-Ultralight.ttf"; sourceTree = "<group>"; };
		F16CC19F2B528D7900E08CB2 /* SFProDisplay-Medium.ttf */ = {isa = PBXFileReference; lastKnownFileType = file; path = "SFProDisplay-Medium.ttf"; sourceTree = "<group>"; };
		F16CC1A02B528D7900E08CB2 /* SFProDisplay-Black.ttf */ = {isa = PBXFileReference; lastKnownFileType = file; path = "SFProDisplay-Black.ttf"; sourceTree = "<group>"; };
		F16CC1A12B528D7900E08CB2 /* SFProDisplay-Light.ttf */ = {isa = PBXFileReference; lastKnownFileType = file; path = "SFProDisplay-Light.ttf"; sourceTree = "<group>"; };
		F16CC1A22B528D7900E08CB2 /* SFProDisplay-Regular.ttf */ = {isa = PBXFileReference; lastKnownFileType = file; path = "SFProDisplay-Regular.ttf"; sourceTree = "<group>"; };
		F16CC1A32B528D7900E08CB2 /* SFProDisplay-Bold.ttf */ = {isa = PBXFileReference; lastKnownFileType = file; path = "SFProDisplay-Bold.ttf"; sourceTree = "<group>"; };
		F16CC1A42B528D7900E08CB2 /* SFProDisplay-Semibold.ttf */ = {isa = PBXFileReference; lastKnownFileType = file; path = "SFProDisplay-Semibold.ttf"; sourceTree = "<group>"; };
		F16CC1A52B528D7900E08CB2 /* SFProDisplay-Heavy.ttf */ = {isa = PBXFileReference; lastKnownFileType = file; path = "SFProDisplay-Heavy.ttf"; sourceTree = "<group>"; };
		F16CC1A62B528D7900E08CB2 /* SFProDisplay-Thin.ttf */ = {isa = PBXFileReference; lastKnownFileType = file; path = "SFProDisplay-Thin.ttf"; sourceTree = "<group>"; };
		F16CC1B02B528E8D00E08CB2 /* SectionType.swift */ = {isa = PBXFileReference; fileEncoding = 4; lastKnownFileType = sourcecode.swift; path = SectionType.swift; sourceTree = "<group>"; };
		F16CC1B22B5292A800E08CB2 /* BannerCell.swift */ = {isa = PBXFileReference; fileEncoding = 4; lastKnownFileType = sourcecode.swift; path = BannerCell.swift; sourceTree = "<group>"; };
		F16CC1B42B52961B00E08CB2 /* CategoryCell.swift */ = {isa = PBXFileReference; lastKnownFileType = sourcecode.swift; path = CategoryCell.swift; sourceTree = "<group>"; };
		F16CC1B62B52985B00E08CB2 /* MainCell.swift */ = {isa = PBXFileReference; lastKnownFileType = sourcecode.swift; path = MainCell.swift; sourceTree = "<group>"; };
		F16CC1C52B52BDAF00E08CB2 /* CategoryTableViewCell.swift */ = {isa = PBXFileReference; lastKnownFileType = sourcecode.swift; path = CategoryTableViewCell.swift; sourceTree = "<group>"; };
		F16CC1C72B52C07C00E08CB2 /* BannerTableViewCell.swift */ = {isa = PBXFileReference; lastKnownFileType = sourcecode.swift; path = BannerTableViewCell.swift; sourceTree = "<group>"; };
/* End PBXFileReference section */

/* Begin PBXFrameworksBuildPhase section */
		F16CC1832B528C5100E08CB2 /* Frameworks */ = {
			isa = PBXFrameworksBuildPhase;
			buildActionMask = 2147483647;
			files = (
			);
			runOnlyForDeploymentPostprocessing = 0;
		};
/* End PBXFrameworksBuildPhase section */

/* Begin PBXGroup section */
		F16CC17D2B528C5100E08CB2 = {
			isa = PBXGroup;
			children = (
				F16CC1882B528C5100E08CB2 /* HammerSystems */,
				F16CC1872B528C5100E08CB2 /* Products */,
			);
			sourceTree = "<group>";
		};
		F16CC1872B528C5100E08CB2 /* Products */ = {
			isa = PBXGroup;
			children = (
				F16CC1862B528C5100E08CB2 /* HammerSystems.app */,
			);
			name = Products;
			sourceTree = "<group>";
		};
		F16CC1882B528C5100E08CB2 /* HammerSystems */ = {
			isa = PBXGroup;
			children = (
				F16CC19D2B528D7900E08CB2 /* Fonts */,
				F16CC1892B528C5100E08CB2 /* AppDelegate.swift */,
				F16CC18B2B528C5100E08CB2 /* SceneDelegate.swift */,
				F16CC18D2B528C5100E08CB2 /* FoodViewController.swift */,
				F16CC1C92B52C32D00E08CB2 /* TableViewCell */,
				F16CC1C42B52BCB800E08CB2 /* SectionCell */,
				F16CC1922B528C5200E08CB2 /* Assets.xcassets */,
				F16CC1942B528C5200E08CB2 /* LaunchScreen.storyboard */,
				F16CC1972B528C5200E08CB2 /* Info.plist */,
			);
			path = HammerSystems;
			sourceTree = "<group>";
		};
		F16CC19D2B528D7900E08CB2 /* Fonts */ = {
			isa = PBXGroup;
			children = (
				F16CC19E2B528D7900E08CB2 /* SFProDisplay-Ultralight.ttf */,
				F16CC19F2B528D7900E08CB2 /* SFProDisplay-Medium.ttf */,
				F16CC1A02B528D7900E08CB2 /* SFProDisplay-Black.ttf */,
				F16CC1A12B528D7900E08CB2 /* SFProDisplay-Light.ttf */,
				F16CC1A22B528D7900E08CB2 /* SFProDisplay-Regular.ttf */,
				F16CC1A32B528D7900E08CB2 /* SFProDisplay-Bold.ttf */,
				F16CC1A42B528D7900E08CB2 /* SFProDisplay-Semibold.ttf */,
				F16CC1A52B528D7900E08CB2 /* SFProDisplay-Heavy.ttf */,
				F16CC1A62B528D7900E08CB2 /* SFProDisplay-Thin.ttf */,
			);
			path = Fonts;
			sourceTree = "<group>";
		};
		F16CC1C42B52BCB800E08CB2 /* SectionCell */ = {
			isa = PBXGroup;
			children = (
				F16CC1B02B528E8D00E08CB2 /* SectionType.swift */,
				F16CC1B22B5292A800E08CB2 /* BannerCell.swift */,
				F16CC1B42B52961B00E08CB2 /* CategoryCell.swift */,
				F16CC1B62B52985B00E08CB2 /* MainCell.swift */,
			);
			path = SectionCell;
			sourceTree = "<group>";
		};
		F16CC1C92B52C32D00E08CB2 /* TableViewCell */ = {
			isa = PBXGroup;
			children = (
				F16CC1C72B52C07C00E08CB2 /* BannerTableViewCell.swift */,
				F16CC1C52B52BDAF00E08CB2 /* CategoryTableViewCell.swift */,
			);
			path = TableViewCell;
			sourceTree = "<group>";
		};
/* End PBXGroup section */

/* Begin PBXNativeTarget section */
		F16CC1852B528C5100E08CB2 /* HammerSystems */ = {
			isa = PBXNativeTarget;
			buildConfigurationList = F16CC19A2B528C5200E08CB2 /* Build configuration list for PBXNativeTarget "HammerSystems" */;
			buildPhases = (
				F16CC1822B528C5100E08CB2 /* Sources */,
				F16CC1832B528C5100E08CB2 /* Frameworks */,
				F16CC1842B528C5100E08CB2 /* Resources */,
			);
			buildRules = (
			);
			dependencies = (
			);
			name = HammerSystems;
			productName = HammerSystems;
			productReference = F16CC1862B528C5100E08CB2 /* HammerSystems.app */;
			productType = "com.apple.product-type.application";
		};
/* End PBXNativeTarget section */

/* Begin PBXProject section */
		F16CC17E2B528C5100E08CB2 /* Project object */ = {
			isa = PBXProject;
			attributes = {
				BuildIndependentTargetsInParallel = 1;
				LastSwiftUpdateCheck = 1500;
				LastUpgradeCheck = 1500;
				TargetAttributes = {
					F16CC1852B528C5100E08CB2 = {
						CreatedOnToolsVersion = 15.0.1;
					};
				};
			};
			buildConfigurationList = F16CC1812B528C5100E08CB2 /* Build configuration list for PBXProject "HammerSystems" */;
			compatibilityVersion = "Xcode 14.0";
			developmentRegion = en;
			hasScannedForEncodings = 0;
			knownRegions = (
				en,
				Base,
			);
			mainGroup = F16CC17D2B528C5100E08CB2;
			productRefGroup = F16CC1872B528C5100E08CB2 /* Products */;
			projectDirPath = "";
			projectRoot = "";
			targets = (
				F16CC1852B528C5100E08CB2 /* HammerSystems */,
			);
		};
/* End PBXProject section */

/* Begin PBXResourcesBuildPhase section */
		F16CC1842B528C5100E08CB2 /* Resources */ = {
			isa = PBXResourcesBuildPhase;
			buildActionMask = 2147483647;
			files = (
				F16CC1AE2B528D7900E08CB2 /* SFProDisplay-Heavy.ttf in Resources */,
				F16CC1962B528C5200E08CB2 /* LaunchScreen.storyboard in Resources */,
				F16CC1AD2B528D7900E08CB2 /* SFProDisplay-Semibold.ttf in Resources */,
				F16CC1A82B528D7900E08CB2 /* SFProDisplay-Medium.ttf in Resources */,
				F16CC1A72B528D7900E08CB2 /* SFProDisplay-Ultralight.ttf in Resources */,
				F16CC1AF2B528D7900E08CB2 /* SFProDisplay-Thin.ttf in Resources */,
				F16CC1AB2B528D7900E08CB2 /* SFProDisplay-Regular.ttf in Resources */,
				F16CC1AA2B528D7900E08CB2 /* SFProDisplay-Light.ttf in Resources */,
				F16CC1932B528C5200E08CB2 /* Assets.xcassets in Resources */,
				F16CC1A92B528D7900E08CB2 /* SFProDisplay-Black.ttf in Resources */,
				F16CC1AC2B528D7900E08CB2 /* SFProDisplay-Bold.ttf in Resources */,
			);
			runOnlyForDeploymentPostprocessing = 0;
		};
/* End PBXResourcesBuildPhase section */

/* Begin PBXSourcesBuildPhase section */
		F16CC1822B528C5100E08CB2 /* Sources */ = {
			isa = PBXSourcesBuildPhase;
			buildActionMask = 2147483647;
			files = (
				F16CC18E2B528C5100E08CB2 /* FoodViewController.swift in Sources */,
				F16CC1B72B52985C00E08CB2 /* MainCell.swift in Sources */,
				F16CC18A2B528C5100E08CB2 /* AppDelegate.swift in Sources */,
				F16CC1C82B52C07C00E08CB2 /* BannerTableViewCell.swift in Sources */,
				F16CC18C2B528C5100E08CB2 /* SceneDelegate.swift in Sources */,
				F16CC1B32B5292A800E08CB2 /* BannerCell.swift in Sources */,
				F16CC1C62B52BDAF00E08CB2 /* CategoryTableViewCell.swift in Sources */,
				F16CC1B52B52961B00E08CB2 /* CategoryCell.swift in Sources */,
				F16CC1B12B528E8D00E08CB2 /* SectionType.swift in Sources */,
			);
			runOnlyForDeploymentPostprocessing = 0;
		};
/* End PBXSourcesBuildPhase section */

/* Begin PBXVariantGroup section */
		F16CC1942B528C5200E08CB2 /* LaunchScreen.storyboard */ = {
			isa = PBXVariantGroup;
			children = (
				F16CC1952B528C5200E08CB2 /* Base */,
			);
			name = LaunchScreen.storyboard;
			sourceTree = "<group>";
		};
/* End PBXVariantGroup section */

/* Begin XCBuildConfiguration section */
		F16CC1982B528C5200E08CB2 /* Debug */ = {
			isa = XCBuildConfiguration;
			buildSettings = {
				ALWAYS_SEARCH_USER_PATHS = NO;
				ASSETCATALOG_COMPILER_GENERATE_SWIFT_ASSET_SYMBOL_EXTENSIONS = YES;
				CLANG_ANALYZER_NONNULL = YES;
				CLANG_ANALYZER_NUMBER_OBJECT_CONVERSION = YES_AGGRESSIVE;
				CLANG_CXX_LANGUAGE_STANDARD = "gnu++20";
				CLANG_ENABLE_MODULES = YES;
				CLANG_ENABLE_OBJC_ARC = YES;
				CLANG_ENABLE_OBJC_WEAK = YES;
				CLANG_WARN_BLOCK_CAPTURE_AUTORELEASING = YES;
				CLANG_WARN_BOOL_CONVERSION = YES;
				CLANG_WARN_COMMA = YES;
				CLANG_WARN_CONSTANT_CONVERSION = YES;
				CLANG_WARN_DEPRECATED_OBJC_IMPLEMENTATIONS = YES;
				CLANG_WARN_DIRECT_OBJC_ISA_USAGE = YES_ERROR;
				CLANG_WARN_DOCUMENTATION_COMMENTS = YES;
				CLANG_WARN_EMPTY_BODY = YES;
				CLANG_WARN_ENUM_CONVERSION = YES;
				CLANG_WARN_INFINITE_RECURSION = YES;
				CLANG_WARN_INT_CONVERSION = YES;
				CLANG_WARN_NON_LITERAL_NULL_CONVERSION = YES;
				CLANG_WARN_OBJC_IMPLICIT_RETAIN_SELF = YES;
				CLANG_WARN_OBJC_LITERAL_CONVERSION = YES;
				CLANG_WARN_OBJC_ROOT_CLASS = YES_ERROR;
				CLANG_WARN_QUOTED_INCLUDE_IN_FRAMEWORK_HEADER = YES;
				CLANG_WARN_RANGE_LOOP_ANALYSIS = YES;
				CLANG_WARN_STRICT_PROTOTYPES = YES;
				CLANG_WARN_SUSPICIOUS_MOVE = YES;
				CLANG_WARN_UNGUARDED_AVAILABILITY = YES_AGGRESSIVE;
				CLANG_WARN_UNREACHABLE_CODE = YES;
				CLANG_WARN__DUPLICATE_METHOD_MATCH = YES;
				COPY_PHASE_STRIP = NO;
				DEBUG_INFORMATION_FORMAT = dwarf;
				ENABLE_STRICT_OBJC_MSGSEND = YES;
				ENABLE_TESTABILITY = YES;
				ENABLE_USER_SCRIPT_SANDBOXING = YES;
				GCC_C_LANGUAGE_STANDARD = gnu17;
				GCC_DYNAMIC_NO_PIC = NO;
				GCC_NO_COMMON_BLOCKS = YES;
				GCC_OPTIMIZATION_LEVEL = 0;
				GCC_PREPROCESSOR_DEFINITIONS = (
					"DEBUG=1",
					"$(inherited)",
				);
				GCC_WARN_64_TO_32_BIT_CONVERSION = YES;
				GCC_WARN_ABOUT_RETURN_TYPE = YES_ERROR;
				GCC_WARN_UNDECLARED_SELECTOR = YES;
				GCC_WARN_UNINITIALIZED_AUTOS = YES_AGGRESSIVE;
				GCC_WARN_UNUSED_FUNCTION = YES;
				GCC_WARN_UNUSED_VARIABLE = YES;
				IPHONEOS_DEPLOYMENT_TARGET = 17.0;
				LOCALIZATION_PREFERS_STRING_CATALOGS = YES;
				MTL_ENABLE_DEBUG_INFO = INCLUDE_SOURCE;
				MTL_FAST_MATH = YES;
				ONLY_ACTIVE_ARCH = YES;
				SDKROOT = iphoneos;
				SWIFT_ACTIVE_COMPILATION_CONDITIONS = "DEBUG $(inherited)";
				SWIFT_OPTIMIZATION_LEVEL = "-Onone";
			};
			name = Debug;
		};
		F16CC1992B528C5200E08CB2 /* Release */ = {
			isa = XCBuildConfiguration;
			buildSettings = {
				ALWAYS_SEARCH_USER_PATHS = NO;
				ASSETCATALOG_COMPILER_GENERATE_SWIFT_ASSET_SYMBOL_EXTENSIONS = YES;
				CLANG_ANALYZER_NONNULL = YES;
				CLANG_ANALYZER_NUMBER_OBJECT_CONVERSION = YES_AGGRESSIVE;
				CLANG_CXX_LANGUAGE_STANDARD = "gnu++20";
				CLANG_ENABLE_MODULES = YES;
				CLANG_ENABLE_OBJC_ARC = YES;
				CLANG_ENABLE_OBJC_WEAK = YES;
				CLANG_WARN_BLOCK_CAPTURE_AUTORELEASING = YES;
				CLANG_WARN_BOOL_CONVERSION = YES;
				CLANG_WARN_COMMA = YES;
				CLANG_WARN_CONSTANT_CONVERSION = YES;
				CLANG_WARN_DEPRECATED_OBJC_IMPLEMENTATIONS = YES;
				CLANG_WARN_DIRECT_OBJC_ISA_USAGE = YES_ERROR;
				CLANG_WARN_DOCUMENTATION_COMMENTS = YES;
				CLANG_WARN_EMPTY_BODY = YES;
				CLANG_WARN_ENUM_CONVERSION = YES;
				CLANG_WARN_INFINITE_RECURSION = YES;
				CLANG_WARN_INT_CONVERSION = YES;
				CLANG_WARN_NON_LITERAL_NULL_CONVERSION = YES;
				CLANG_WARN_OBJC_IMPLICIT_RETAIN_SELF = YES;
				CLANG_WARN_OBJC_LITERAL_CONVERSION = YES;
				CLANG_WARN_OBJC_ROOT_CLASS = YES_ERROR;
				CLANG_WARN_QUOTED_INCLUDE_IN_FRAMEWORK_HEADER = YES;
				CLANG_WARN_RANGE_LOOP_ANALYSIS = YES;
				CLANG_WARN_STRICT_PROTOTYPES = YES;
				CLANG_WARN_SUSPICIOUS_MOVE = YES;
				CLANG_WARN_UNGUARDED_AVAILABILITY = YES_AGGRESSIVE;
				CLANG_WARN_UNREACHABLE_CODE = YES;
				CLANG_WARN__DUPLICATE_METHOD_MATCH = YES;
				COPY_PHASE_STRIP = NO;
				DEBUG_INFORMATION_FORMAT = "dwarf-with-dsym";
				ENABLE_NS_ASSERTIONS = NO;
				ENABLE_STRICT_OBJC_MSGSEND = YES;
				ENABLE_USER_SCRIPT_SANDBOXING = YES;
				GCC_C_LANGUAGE_STANDARD = gnu17;
				GCC_NO_COMMON_BLOCKS = YES;
				GCC_WARN_64_TO_32_BIT_CONVERSION = YES;
				GCC_WARN_ABOUT_RETURN_TYPE = YES_ERROR;
				GCC_WARN_UNDECLARED_SELECTOR = YES;
				GCC_WARN_UNINITIALIZED_AUTOS = YES_AGGRESSIVE;
				GCC_WARN_UNUSED_FUNCTION = YES;
				GCC_WARN_UNUSED_VARIABLE = YES;
				IPHONEOS_DEPLOYMENT_TARGET = 17.0;
				LOCALIZATION_PREFERS_STRING_CATALOGS = YES;
				MTL_ENABLE_DEBUG_INFO = NO;
				MTL_FAST_MATH = YES;
				SDKROOT = iphoneos;
				SWIFT_COMPILATION_MODE = wholemodule;
				VALIDATE_PRODUCT = YES;
			};
			name = Release;
		};
		F16CC19B2B528C5200E08CB2 /* Debug */ = {
			isa = XCBuildConfiguration;
			buildSettings = {
				ASSETCATALOG_COMPILER_APPICON_NAME = AppIcon;
				ASSETCATALOG_COMPILER_GLOBAL_ACCENT_COLOR_NAME = AccentColor;
				CODE_SIGN_STYLE = Automatic;
				CURRENT_PROJECT_VERSION = 1;
				DEVELOPMENT_TEAM = 66V736J4F3;
				GENERATE_INFOPLIST_FILE = YES;
				INFOPLIST_FILE = HammerSystems/Info.plist;
				INFOPLIST_KEY_UIApplicationSupportsIndirectInputEvents = YES;
				INFOPLIST_KEY_UILaunchStoryboardName = LaunchScreen;
				INFOPLIST_KEY_UISupportedInterfaceOrientations_iPad = "UIInterfaceOrientationPortrait UIInterfaceOrientationPortraitUpsideDown UIInterfaceOrientationLandscapeLeft UIInterfaceOrientationLandscapeRight";
				INFOPLIST_KEY_UISupportedInterfaceOrientations_iPhone = "UIInterfaceOrientationPortrait UIInterfaceOrientationLandscapeLeft UIInterfaceOrientationLandscapeRight";
				LD_RUNPATH_SEARCH_PATHS = (
					"$(inherited)",
					"@executable_path/Frameworks",
				);
				MARKETING_VERSION = 1.0;
				PRODUCT_BUNDLE_IDENTIFIER = com.example.HammerSystems;
				PRODUCT_NAME = "$(TARGET_NAME)";
				SWIFT_EMIT_LOC_STRINGS = YES;
				SWIFT_VERSION = 5.0;
				TARGETED_DEVICE_FAMILY = "1,2";
			};
			name = Debug;
		};
		F16CC19C2B528C5200E08CB2 /* Release */ = {
			isa = XCBuildConfiguration;
			buildSettings = {
				ASSETCATALOG_COMPILER_APPICON_NAME = AppIcon;
				ASSETCATALOG_COMPILER_GLOBAL_ACCENT_COLOR_NAME = AccentColor;
				CODE_SIGN_STYLE = Automatic;
				CURRENT_PROJECT_VERSION = 1;
				DEVELOPMENT_TEAM = 66V736J4F3;
				GENERATE_INFOPLIST_FILE = YES;
				INFOPLIST_FILE = HammerSystems/Info.plist;
				INFOPLIST_KEY_UIApplicationSupportsIndirectInputEvents = YES;
				INFOPLIST_KEY_UILaunchStoryboardName = LaunchScreen;
				INFOPLIST_KEY_UISupportedInterfaceOrientations_iPad = "UIInterfaceOrientationPortrait UIInterfaceOrientationPortraitUpsideDown UIInterfaceOrientationLandscapeLeft UIInterfaceOrientationLandscapeRight";
				INFOPLIST_KEY_UISupportedInterfaceOrientations_iPhone = "UIInterfaceOrientationPortrait UIInterfaceOrientationLandscapeLeft UIInterfaceOrientationLandscapeRight";
				LD_RUNPATH_SEARCH_PATHS = (
					"$(inherited)",
					"@executable_path/Frameworks",
				);
				MARKETING_VERSION = 1.0;
				PRODUCT_BUNDLE_IDENTIFIER = com.example.HammerSystems;
				PRODUCT_NAME = "$(TARGET_NAME)";
				SWIFT_EMIT_LOC_STRINGS = YES;
				SWIFT_VERSION = 5.0;
				TARGETED_DEVICE_FAMILY = "1,2";
			};
			name = Release;
		};
/* End XCBuildConfiguration section */

/* Begin XCConfigurationList section */
		F16CC1812B528C5100E08CB2 /* Build configuration list for PBXProject "HammerSystems" */ = {
			isa = XCConfigurationList;
			buildConfigurations = (
				F16CC1982B528C5200E08CB2 /* Debug */,
				F16CC1992B528C5200E08CB2 /* Release */,
			);
			defaultConfigurationIsVisible = 0;
			defaultConfigurationName = Release;
		};
		F16CC19A2B528C5200E08CB2 /* Build configuration list for PBXNativeTarget "HammerSystems" */ = {
			isa = XCConfigurationList;
			buildConfigurations = (
				F16CC19B2B528C5200E08CB2 /* Debug */,
				F16CC19C2B528C5200E08CB2 /* Release */,
			);
			defaultConfigurationIsVisible = 0;
			defaultConfigurationName = Release;
		};
/* End XCConfigurationList section */
	};
	rootObject = F16CC17E2B528C5100E08CB2 /* Project object */;
}
